PackratFormat: 1.4
PackratVersion: 0.4.5
RVersion: 3.2.0
Repos: BioCsoft=http://bioconductor.org/packages/3.1/bioc,
    BioCann=http://bioconductor.org/packages/3.1/data/annotation,
    BioCexp=http://bioconductor.org/packages/3.1/data/experiment,
    BioCextra=http://bioconductor.org/packages/3.1/extra,
    CRAN=http://cran.rstudio.com

Package: BH
Source: CRAN
Version: 1.58.0-1
Hash: 4f6db3b5311bb006f536a2e67278d058

Package: R6
Source: CRAN
Version: 2.1.1
Hash: 20a88b2c9c84aecff2702789a4d102f5

Package: Rcpp
Source: CRAN
Version: 0.12.1
Hash: 02ad87c166e4a92976052106e3826893

Package: brew
Source: CRAN
Version: 1.0-6
Hash: 931f9972deae0f205e1c78a51f33149b

Package: curl
Source: CRAN
Version: 0.9.3
Hash: 44fef64a3205c6e327a11a1a721da9b0

Package: devtools
Source: CRAN
Version: 1.9.1
Hash: 894e4e2f04fb749f786f15cf01181a0c
Requires: curl, digest, evaluate, git2r, httr, jsonlite, memoise,
    roxygen2, rstudioapi, rversions, whisker

Package: digest
Source: CRAN
Version: 0.6.8
Hash: de202f956596a476d09304e3a2ebf1e5

Package: evaluate
Source: CRAN
Version: 0.8
Hash: aac00bd789bac10970b50e3b7e0cab04
Requires: stringr

Package: git2r
Source: CRAN
Version: 0.11.0
Hash: 40e87f1c9cff181fe741a80646d081a5

Package: httr
Source: CRAN
Version: 1.0.0
Hash: 165c156aaf69073f9a1f8a4211c626d9
Requires: R6, curl, digest, jsonlite, mime, stringr

Package: jsonlite
Source: CRAN
Version: 0.9.17
Hash: d44b8f8c89ff794d6ec8a07dde103d24

Package: magrittr
Source: CRAN
Version: 1.5
Hash: bdc4d48c3135e8f3b399536ddf160df4

Package: memoise
Source: CRAN
Version: 0.2.1
Hash: 812e6a1dd77a0ca4da41f3239de8e447
Requires: digest

Package: mime
Source: CRAN
Version: 0.4
Hash: b08c52dae92a0a11e64a4deea032ec33

Package: packrat
Source: CRAN
Version: 0.4.5
Hash: 0047c2d2471621b597871b37aaea8369

Package: roxygen2
Source: CRAN
Version: 5.0.0
Hash: 1c2dde8f7fb899a3818d937f05d360b0
Requires: Rcpp, brew, digest, stringi, stringr

Package: rstudioapi
Source: CRAN
Version: 0.3.1
Hash: 88eea830c60277b858ce9334041b08bb

Package: rversions
Source: CRAN
Version: 1.0.2
Hash: c006a9eaa80a091dcd87bb4003887b12
Requires: curl, xml2

Package: stringi
Source: CRAN
Version: 1.0-1
Hash: cf342bc407bd5daec77ed1009d5244e1

Package: stringr
Source: CRAN
Version: 1.0.0
Hash: 2676dd5f88890910962b733b0f9540e1
Requires: magrittr, stringi

Package: whisker
Source: CRAN
Version: 0.3-2
Hash: 803d662762e532705c2c066a82d066e7

Package: xml2
Source: CRAN
Version: 0.1.2
Hash: f6de7afd3d80c2dc9795d7e6aa3de8c2
Requires: BH, Rcpp
